
Microsoft Visual Studio Solution File, Format Version 12.00
# Visual Studio 15
VisualStudioVersion = 15.0.27130.2027
MinimumVisualStudioVersion = 10.0.40219.1
Project("{FAE04EC0-301F-11D3-BF4B-00C04F79EFBC}") = "Master", "Master\Master.csproj", "{1FE80DD1-75A3-4200-B0C7-F4C053DE0713}"
EndProject
Project("{FAE04EC0-301F-11D3-BF4B-00C04F79EFBC}") = "FButtonLib", "FButtonLib\FButtonLib.csproj", "{AB804EC0-C432-4979-9FF9-77A942C8B368}"
EndProject
Project("{FAE04EC0-301F-11D3-BF4B-00C04F79EFBC}") = "BindingTransitionsEverywhere", "..\TransitionsEverywhere-master\BindingTransitionsEverywhere\BindingTransitionsEverywhere.csproj", "{C28A7B35-7610-4C39-BAF5-BC247B6FA561}"
EndProject
Global
	GlobalSection(SolutionConfigurationPlatforms) = preSolution
		Debug|Any CPU = Debug|Any CPU
		Release|Any CPU = Release|Any CPU
	EndGlobalSection
	GlobalSection(ProjectConfigurationPlatforms) = postSolution
		{1FE80DD1-75A3-4200-B0C7-F4C053DE0713}.Debug|Any CPU.ActiveCfg = Debug|Any CPU
		{1FE80DD1-75A3-4200-B0C7-F4C053DE0713}.Debug|Any CPU.Build.0 = Debug|Any CPU
		{1FE80DD1-75A3-4200-B0C7-F4C053DE0713}.Debug|Any CPU.Deploy.0 = Debug|Any CPU
		{1FE80DD1-75A3-4200-B0C7-F4C053DE0713}.Release|Any CPU.ActiveCfg = Release|Any CPU
		{1FE80DD1-75A3-4200-B0C7-F4C053DE0713}.Release|Any CPU.Build.0 = Release|Any CPU
		{1FE80DD1-75A3-4200-B0C7-F4C053DE0713}.Release|Any CPU.Deploy.0 = Release|Any CPU
		{AB804EC0-C432-4979-9FF9-77A942C8B368}.Debug|Any CPU.ActiveCfg = Debug|Any CPU
		{AB804EC0-C432-4979-9FF9-77A942C8B368}.Debug|Any CPU.Build.0 = Debug|Any CPU
		{AB804EC0-C432-4979-9FF9-77A942C8B368}.Release|Any CPU.ActiveCfg = Release|Any CPU
		{AB804EC0-C432-4979-9FF9-77A942C8B368}.Release|Any CPU.Build.0 = Release|Any CPU
		{C28A7B35-7610-4C39-BAF5-BC247B6FA561}.Debug|Any CPU.ActiveCfg = Debug|Any CPU
		{C28A7B35-7610-4C39-BAF5-BC247B6FA561}.Debug|Any CPU.Build.0 = Debug|Any CPU
		{C28A7B35-7610-4C39-BAF5-BC247B6FA561}.Release|Any CPU.ActiveCfg = Release|Any CPU
		{C28A7B35-7610-4C39-BAF5-BC247B6FA561}.Release|Any CPU.Build.0 = Release|Any CPU
	EndGlobalSection
	GlobalSection(SolutionProperties) = preSolution
		HideSolutionNode = FALSE
	EndGlobalSection
	GlobalSection(ExtensibilityGlobals) = postSolution
		SolutionGuid = {3018367A-D078-4873-9F78-DF6BFECEFA55}
	EndGlobalSection
EndGlobal
